
Microsoft Visual Studio Solution File, Format Version 12.00
# Visual Studio Version 16
VisualStudioVersion = 16.0.30907.101
MinimumVisualStudioVersion = 10.0.40219.1
Project("{FAE04EC0-301F-11D3-BF4B-00C04F79EFBC}") = "Task01", "Task01\Task01.csproj", "{FC401E39-4EC3-44E1-B60D-A534F14C6C69}"
EndProject
Project("{FAE04EC0-301F-11D3-BF4B-00C04F79EFBC}") = "Task02", "Task02\Task02.csproj", "{A75BBCE8-B06F-4611-AC1C-D40967713BBE}"
EndProject
Project("{FAE04EC0-301F-11D3-BF4B-00C04F79EFBC}") = "Task03", "Task03\Task03.csproj", "{A06420D9-E866-43BC-8261-7FCCB089606D}"
EndProject
Project("{2150E333-8FDC-42A3-9474-1A3956D46DE8}") = "Models", "Models", "{63F991EA-6B18-4F22-B3C0-67170656D729}"
EndProject
Project("{2150E333-8FDC-42A3-9474-1A3956D46DE8}") = "ViewModels", "ViewModels", "{60B57FE1-576A-4489-97D5-E40837743038}"
EndProject
Project("{FAE04EC0-301F-11D3-BF4B-00C04F79EFBC}") = "Task01.Model", "Task01.Model\Task01.Model.csproj", "{D9278361-7553-4D3F-8D94-1D62A669D7AC}"
EndProject
Project("{FAE04EC0-301F-11D3-BF4B-00C04F79EFBC}") = "Task02.Model", "Task02.Model\Task02.Model.csproj", "{D19CA66D-B5D4-41AF-8265-A1BE4B2A8EEE}"
EndProject
Project("{FAE04EC0-301F-11D3-BF4B-00C04F79EFBC}") = "Task03.Model", "Task03.Model\Task03.Model.csproj", "{FFA51DA6-3331-4673-AB03-6B28307BB12A}"
EndProject
Project("{FAE04EC0-301F-11D3-BF4B-00C04F79EFBC}") = "Task01.ConsoleTest", "Task01.ConsoleTest\Task01.ConsoleTest.csproj", "{0C209DFA-F119-47D6-B17C-275CCEB9A632}"
EndProject
Project("{FAE04EC0-301F-11D3-BF4B-00C04F79EFBC}") = "Task02.ConsoleTest", "Task02.ConsoleTest\Task02.ConsoleTest.csproj", "{3A2B451F-7880-4ED5-87C8-983F89BD550E}"
EndProject
Project("{FAE04EC0-301F-11D3-BF4B-00C04F79EFBC}") = "Task03.ConsoleTest", "Task03.ConsoleTest\Task03.ConsoleTest.csproj", "{8F4D5D0E-1852-4A90-8659-F18391926E21}"
EndProject
Project("{2150E333-8FDC-42A3-9474-1A3956D46DE8}") = "Tests", "Tests", "{2C57E759-6626-4873-891F-4987438515EA}"
EndProject
Project("{FAE04EC0-301F-11D3-BF4B-00C04F79EFBC}") = "Task01.ViewModel", "Task01.ViewModel\Task01.ViewModel.csproj", "{E3BFC640-2FF3-4E88-A99D-DF8431F41052}"
EndProject
Project("{FAE04EC0-301F-11D3-BF4B-00C04F79EFBC}") = "Task02.ViewModel", "Task02.ViewModel\Task02.ViewModel.csproj", "{81FA6754-D9B9-428A-B938-41E73B39680E}"
EndProject
Project("{FAE04EC0-301F-11D3-BF4B-00C04F79EFBC}") = "Task03.ViewModel", "Task03.ViewModel\Task03.ViewModel.csproj", "{F6E36317-C01F-4FA3-9A29-2BBB59D007AB}"
EndProject
Project("{2150E333-8FDC-42A3-9474-1A3956D46DE8}") = "Libs", "Libs", "{0CBC557E-07D7-45FF-B409-AF37922872B9}"
EndProject
Global
	GlobalSection(SolutionConfigurationPlatforms) = preSolution
		Debug|x64 = Debug|x64
		Release|x64 = Release|x64
	EndGlobalSection
	GlobalSection(ProjectConfigurationPlatforms) = postSolution
		{FC401E39-4EC3-44E1-B60D-A534F14C6C69}.Debug|x64.ActiveCfg = Debug|x64
		{FC401E39-4EC3-44E1-B60D-A534F14C6C69}.Debug|x64.Build.0 = Debug|x64
		{FC401E39-4EC3-44E1-B60D-A534F14C6C69}.Release|x64.ActiveCfg = Release|x64
		{FC401E39-4EC3-44E1-B60D-A534F14C6C69}.Release|x64.Build.0 = Release|x64
		{A75BBCE8-B06F-4611-AC1C-D40967713BBE}.Debug|x64.ActiveCfg = Debug|x64
		{A75BBCE8-B06F-4611-AC1C-D40967713BBE}.Debug|x64.Build.0 = Debug|x64
		{A75BBCE8-B06F-4611-AC1C-D40967713BBE}.Release|x64.ActiveCfg = Release|x64
		{A75BBCE8-B06F-4611-AC1C-D40967713BBE}.Release|x64.Build.0 = Release|x64
		{A06420D9-E866-43BC-8261-7FCCB089606D}.Debug|x64.ActiveCfg = Debug|x64
		{A06420D9-E866-43BC-8261-7FCCB089606D}.Debug|x64.Build.0 = Debug|x64
		{A06420D9-E866-43BC-8261-7FCCB089606D}.Release|x64.ActiveCfg = Release|x64
		{A06420D9-E866-43BC-8261-7FCCB089606D}.Release|x64.Build.0 = Release|x64
		{D9278361-7553-4D3F-8D94-1D62A669D7AC}.Debug|x64.ActiveCfg = Debug|x64
		{D9278361-7553-4D3F-8D94-1D62A669D7AC}.Debug|x64.Build.0 = Debug|x64
		{D9278361-7553-4D3F-8D94-1D62A669D7AC}.Release|x64.ActiveCfg = Release|x64
		{D9278361-7553-4D3F-8D94-1D62A669D7AC}.Release|x64.Build.0 = Release|x64
		{D19CA66D-B5D4-41AF-8265-A1BE4B2A8EEE}.Debug|x64.ActiveCfg = Debug|x64
		{D19CA66D-B5D4-41AF-8265-A1BE4B2A8EEE}.Debug|x64.Build.0 = Debug|x64
		{D19CA66D-B5D4-41AF-8265-A1BE4B2A8EEE}.Release|x64.ActiveCfg = Release|x64
		{D19CA66D-B5D4-41AF-8265-A1BE4B2A8EEE}.Release|x64.Build.0 = Release|x64
		{FFA51DA6-3331-4673-AB03-6B28307BB12A}.Debug|x64.ActiveCfg = Debug|x64
		{FFA51DA6-3331-4673-AB03-6B28307BB12A}.Debug|x64.Build.0 = Debug|x64
		{FFA51DA6-3331-4673-AB03-6B28307BB12A}.Release|x64.ActiveCfg = Release|x64
		{FFA51DA6-3331-4673-AB03-6B28307BB12A}.Release|x64.Build.0 = Release|x64
		{0C209DFA-F119-47D6-B17C-275CCEB9A632}.Debug|x64.ActiveCfg = Debug|x64
		{0C209DFA-F119-47D6-B17C-275CCEB9A632}.Debug|x64.Build.0 = Debug|x64
		{0C209DFA-F119-47D6-B17C-275CCEB9A632}.Release|x64.ActiveCfg = Release|x64
		{0C209DFA-F119-47D6-B17C-275CCEB9A632}.Release|x64.Build.0 = Release|x64
		{3A2B451F-7880-4ED5-87C8-983F89BD550E}.Debug|x64.ActiveCfg = Debug|x64
		{3A2B451F-7880-4ED5-87C8-983F89BD550E}.Debug|x64.Build.0 = Debug|x64
		{3A2B451F-7880-4ED5-87C8-983F89BD550E}.Release|x64.ActiveCfg = Release|x64
		{3A2B451F-7880-4ED5-87C8-983F89BD550E}.Release|x64.Build.0 = Release|x64
		{8F4D5D0E-1852-4A90-8659-F18391926E21}.Debug|x64.ActiveCfg = Debug|x64
		{8F4D5D0E-1852-4A90-8659-F18391926E21}.Debug|x64.Build.0 = Debug|x64
		{8F4D5D0E-1852-4A90-8659-F18391926E21}.Release|x64.ActiveCfg = Release|x64
		{8F4D5D0E-1852-4A90-8659-F18391926E21}.Release|x64.Build.0 = Release|x64
		{E3BFC640-2FF3-4E88-A99D-DF8431F41052}.Debug|x64.ActiveCfg = Debug|x64
		{E3BFC640-2FF3-4E88-A99D-DF8431F41052}.Debug|x64.Build.0 = Debug|x64
		{E3BFC640-2FF3-4E88-A99D-DF8431F41052}.Release|x64.ActiveCfg = Release|x64
		{E3BFC640-2FF3-4E88-A99D-DF8431F41052}.Release|x64.Build.0 = Release|x64
		{81FA6754-D9B9-428A-B938-41E73B39680E}.Debug|x64.ActiveCfg = Debug|x64
		{81FA6754-D9B9-428A-B938-41E73B39680E}.Debug|x64.Build.0 = Debug|x64
		{81FA6754-D9B9-428A-B938-41E73B39680E}.Release|x64.ActiveCfg = Release|x64
		{81FA6754-D9B9-428A-B938-41E73B39680E}.Release|x64.Build.0 = Release|x64
		{F6E36317-C01F-4FA3-9A29-2BBB59D007AB}.Debug|x64.ActiveCfg = Debug|x64
		{F6E36317-C01F-4FA3-9A29-2BBB59D007AB}.Debug|x64.Build.0 = Debug|x64
		{F6E36317-C01F-4FA3-9A29-2BBB59D007AB}.Release|x64.ActiveCfg = Release|x64
		{F6E36317-C01F-4FA3-9A29-2BBB59D007AB}.Release|x64.Build.0 = Release|x64
	EndGlobalSection
	GlobalSection(SolutionProperties) = preSolution
		HideSolutionNode = FALSE
	EndGlobalSection
	GlobalSection(NestedProjects) = preSolution
		{D9278361-7553-4D3F-8D94-1D62A669D7AC} = {63F991EA-6B18-4F22-B3C0-67170656D729}
		{D19CA66D-B5D4-41AF-8265-A1BE4B2A8EEE} = {63F991EA-6B18-4F22-B3C0-67170656D729}
		{FFA51DA6-3331-4673-AB03-6B28307BB12A} = {63F991EA-6B18-4F22-B3C0-67170656D729}
		{0C209DFA-F119-47D6-B17C-275CCEB9A632} = {2C57E759-6626-4873-891F-4987438515EA}
		{3A2B451F-7880-4ED5-87C8-983F89BD550E} = {2C57E759-6626-4873-891F-4987438515EA}
		{8F4D5D0E-1852-4A90-8659-F18391926E21} = {2C57E759-6626-4873-891F-4987438515EA}
		{E3BFC640-2FF3-4E88-A99D-DF8431F41052} = {60B57FE1-576A-4489-97D5-E40837743038}
		{81FA6754-D9B9-428A-B938-41E73B39680E} = {60B57FE1-576A-4489-97D5-E40837743038}
		{F6E36317-C01F-4FA3-9A29-2BBB59D007AB} = {60B57FE1-576A-4489-97D5-E40837743038}
	EndGlobalSection
	GlobalSection(ExtensibilityGlobals) = postSolution
		SolutionGuid = {499AB4F7-AF91-4D4E-948E-55680E7E5746}
	EndGlobalSection
EndGlobal
